// !$*UTF8*$!
{
	archiveVersion = 1;
	classes = {
	};
	objectVersion = 56;
	objects = {

/* Begin PBXBuildFile section */
		4E5E69812F0DD9E2002D5748 /* SharedImageProcessingView.swift in Sources */ = {isa = PBXBuildFile; fileRef = 4E5E697E2F0DD9E2002D5748 /* SharedImageProcessingView.swift */; };
		4E5E69822F0DDAD4002D5748 /* SharedTextManager.swift in Sources */ = {isa = PBXBuildFile; fileRef = 4EA3213F2F0CAAB0000F8A19 /* SharedTextManager.swift */; };
		4EA321372F0C9E44000F8A19 /* Secrets.swift in Sources */ = {isa = PBXBuildFile; fileRef = 4EA321342F0C9E44000F8A19 /* Secrets.swift */; };
		4EA321382F0C9E44000F8A19 /* Secrets.template.swift in Sources */ = {isa = PBXBuildFile; fileRef = 4EA321352F0C9E44000F8A19 /* Secrets.template.swift */; };
		4EA3213A2F0C9E5C000F8A19 /* ChatService.swift in Sources */ = {isa = PBXBuildFile; fileRef = 4EA321392F0C9E5C000F8A19 /* ChatService.swift */; };
		4EA3213E2F0C9E7F000F8A19 /* ChatView.swift in Sources */ = {isa = PBXBuildFile; fileRef = 4EA3213B2F0C9E7F000F8A19 /* ChatView.swift */; };
		4EA321402F0CAAB0000F8A19 /* SharedTextManager.swift in Sources */ = {isa = PBXBuildFile; fileRef = 4EA3213F2F0CAAB0000F8A19 /* SharedTextManager.swift */; };
		4EA321442F0CAAE7000F8A19 /* SharedTextPageSelectionView.swift in Sources */ = {isa = PBXBuildFile; fileRef = 4EA321412F0CAAE7000F8A19 /* SharedTextPageSelectionView.swift */; };
		4EC0A9E32F0ACB50007EEAA7 /* ReadingNotesAppApp.swift in Sources */ = {isa = PBXBuildFile; fileRef = 4EC0A9E22F0ACB50007EEAA7 /* ReadingNotesAppApp.swift */; };
		4EC0A9E52F0ACB50007EEAA7 /* ContentView.swift in Sources */ = {isa = PBXBuildFile; fileRef = 4EC0A9E42F0ACB50007EEAA7 /* ContentView.swift */; };
		4EC0A9E92F0ACB52007EEAA7 /* Assets.xcassets in Resources */ = {isa = PBXBuildFile; fileRef = 4EC0A9E82F0ACB52007EEAA7 /* Assets.xcassets */; };
		4EC0A9ED2F0ACB52007EEAA7 /* Preview Assets.xcassets in Resources */ = {isa = PBXBuildFile; fileRef = 4EC0A9EC2F0ACB52007EEAA7 /* Preview Assets.xcassets */; };
		4EC0A9FD2F0ACD58007EEAA7 /* Highlight.swift in Sources */ = {isa = PBXBuildFile; fileRef = 4EC0A9F32F0ACD58007EEAA7 /* Highlight.swift */; };
		4EC0A9FE2F0ACD59007EEAA7 /* KindleScreenshot.swift in Sources */ = {isa = PBXBuildFile; fileRef = 4EC0A9F42F0ACD58007EEAA7 /* KindleScreenshot.swift */; };
		4EC0A9FF2F0ACD59007EEAA7 /* Note.swift in Sources */ = {isa = PBXBuildFile; fileRef = 4EC0A9F52F0ACD58007EEAA7 /* Note.swift */; };
		4EC0AA002F0ACD59007EEAA7 /* NotionConfig.swift in Sources */ = {isa = PBXBuildFile; fileRef = 4EC0A9F62F0ACD58007EEAA7 /* NotionConfig.swift */; };
		4EC0AA012F0ACD59007EEAA7 /* ScreenshotRepository.swift in Sources */ = {isa = PBXBuildFile; fileRef = 4EC0A9F82F0ACD58007EEAA7 /* ScreenshotRepository.swift */; };
		4EC0AA0F2F0ACD80007EEAA7 /* ScreenshotListViewModel.swift in Sources */ = {isa = PBXBuildFile; fileRef = 4EC0AA062F0ACD80007EEAA7 /* ScreenshotListViewModel.swift */; };
		4EC0AA102F0ACD80007EEAA7 /* ScreenshotDetailView.swift in Sources */ = {isa = PBXBuildFile; fileRef = 4EC0AA082F0ACD80007EEAA7 /* ScreenshotDetailView.swift */; };
		4EC0AA112F0ACD80007EEAA7 /* ScreenshotListView.swift in Sources */ = {isa = PBXBuildFile; fileRef = 4EC0AA092F0ACD80007EEAA7 /* ScreenshotListView.swift */; };
		4EC0AA1D2F0AD77D007EEAA7 /* OCRService.swift in Sources */ = {isa = PBXBuildFile; fileRef = 4EC0AA1A2F0AD77D007EEAA7 /* OCRService.swift */; };
		4EC0AA1E2F0AD77D007EEAA7 /* HighlightDetectionService.swift in Sources */ = {isa = PBXBuildFile; fileRef = 4EC0AA1B2F0AD77D007EEAA7 /* HighlightDetectionService.swift */; };
		4EC0AA1F2F0AD77D007EEAA7 /* ImageProcessingService.swift in Sources */ = {isa = PBXBuildFile; fileRef = 4EC0AA1C2F0AD77D007EEAA7 /* ImageProcessingService.swift */; };
		4EC0AA212F0AD78E007EEAA7 /* ImageProcessor.swift in Sources */ = {isa = PBXBuildFile; fileRef = 4EC0AA202F0AD78E007EEAA7 /* ImageProcessor.swift */; };
		4EC0AA292F0AE1FD007EEAA7 /* NotionBlock.swift in Sources */ = {isa = PBXBuildFile; fileRef = 4EC0AA222F0AE1FD007EEAA7 /* NotionBlock.swift */; };
		4EC0AA2A2F0AE1FD007EEAA7 /* NotionPage.swift in Sources */ = {isa = PBXBuildFile; fileRef = 4EC0AA232F0AE1FD007EEAA7 /* NotionPage.swift */; };
		4EC0AA2B2F0AE1FD007EEAA7 /* NotionAPIClient.swift in Sources */ = {isa = PBXBuildFile; fileRef = 4EC0AA252F0AE1FD007EEAA7 /* NotionAPIClient.swift */; };
		4EC0AA2C2F0AE1FD007EEAA7 /* NotionAuthService.swift in Sources */ = {isa = PBXBuildFile; fileRef = 4EC0AA262F0AE1FD007EEAA7 /* NotionAuthService.swift */; };
		4EC0AA2D2F0AE1FD007EEAA7 /* NotionSyncService.swift in Sources */ = {isa = PBXBuildFile; fileRef = 4EC0AA272F0AE1FD007EEAA7 /* NotionSyncService.swift */; };
		4EC0AA302F0AE249007EEAA7 /* NotionConnectionView.swift in Sources */ = {isa = PBXBuildFile; fileRef = 4EC0AA2E2F0AE249007EEAA7 /* NotionConnectionView.swift */; };
		4EC0AA312F0AE249007EEAA7 /* SettingsView.swift in Sources */ = {isa = PBXBuildFile; fileRef = 4EC0AA2F2F0AE249007EEAA7 /* SettingsView.swift */; };
		4EC0AA342F0AEE53007EEAA7 /* PageSelectionView.swift in Sources */ = {isa = PBXBuildFile; fileRef = 4EC0AA332F0AEE53007EEAA7 /* PageSelectionView.swift */; };
		4EC0AA362F0B114E007EEAA7 /* HighlightMaskService.swift in Sources */ = {isa = PBXBuildFile; fileRef = 4EC0AA352F0B114E007EEAA7 /* HighlightMaskService.swift */; };
		4EC0AA382F0B14F4007EEAA7 /* LineBasedHighlightService.swift in Sources */ = {isa = PBXBuildFile; fileRef = 4EC0AA372F0B14F4007EEAA7 /* LineBasedHighlightService.swift */; };
		4EC0AA402F0C8570007EEAA7 /* ShareViewController.swift in Sources */ = {isa = PBXBuildFile; fileRef = 4EC0AA3F2F0C8570007EEAA7 /* ShareViewController.swift */; };
		4EC0AA432F0C8570007EEAA7 /* Base in Resources */ = {isa = PBXBuildFile; fileRef = 4EC0AA422F0C8570007EEAA7 /* Base */; };
		4EC0AA472F0C8570007EEAA7 /* ReadingNotesShareExtension.appex in Embed Foundation Extensions */ = {isa = PBXBuildFile; fileRef = 4EC0AA3D2F0C8570007EEAA7 /* ReadingNotesShareExtension.appex */; settings = {ATTRIBUTES = (RemoveHeadersOnCopy, ); }; };
		4EC0AA4D2F0C8AC9007EEAA7 /* SharePageSelectionView.swift in Sources */ = {isa = PBXBuildFile; fileRef = 4EC0AA4C2F0C8AC9007EEAA7 /* SharePageSelectionView.swift */; };
		4EC0AA4E2F0C8BD4007EEAA7 /* NotionSyncService.swift in Sources */ = {isa = PBXBuildFile; fileRef = 4EC0AA272F0AE1FD007EEAA7 /* NotionSyncService.swift */; };
		4EC0AA4F2F0C8BD8007EEAA7 /* NotionAuthService.swift in Sources */ = {isa = PBXBuildFile; fileRef = 4EC0AA262F0AE1FD007EEAA7 /* NotionAuthService.swift */; };
		4EC0AA502F0C8BDB007EEAA7 /* NotionAPIClient.swift in Sources */ = {isa = PBXBuildFile; fileRef = 4EC0AA252F0AE1FD007EEAA7 /* NotionAPIClient.swift */; };
		4EC0AA512F0C8BE5007EEAA7 /* NotionBlock.swift in Sources */ = {isa = PBXBuildFile; fileRef = 4EC0AA222F0AE1FD007EEAA7 /* NotionBlock.swift */; };
		4EC0AA522F0C8BE9007EEAA7 /* NotionPage.swift in Sources */ = {isa = PBXBuildFile; fileRef = 4EC0AA232F0AE1FD007EEAA7 /* NotionPage.swift */; };
		4EC0AA532F0C8C5A007EEAA7 /* Highlight.swift in Sources */ = {isa = PBXBuildFile; fileRef = 4EC0A9F32F0ACD58007EEAA7 /* Highlight.swift */; };
		4EC0AA542F0C8C5D007EEAA7 /* KindleScreenshot.swift in Sources */ = {isa = PBXBuildFile; fileRef = 4EC0A9F42F0ACD58007EEAA7 /* KindleScreenshot.swift */; };
		4EC0AA552F0C8C5F007EEAA7 /* Note.swift in Sources */ = {isa = PBXBuildFile; fileRef = 4EC0A9F52F0ACD58007EEAA7 /* Note.swift */; };
		4EC0AA562F0C8C63007EEAA7 /* NotionConfig.swift in Sources */ = {isa = PBXBuildFile; fileRef = 4EC0A9F62F0ACD58007EEAA7 /* NotionConfig.swift */; };
/* End PBXBuildFile section */

/* Begin PBXContainerItemProxy section */
		4EC0AA452F0C8570007EEAA7 /* PBXContainerItemProxy */ = {
			isa = PBXContainerItemProxy;
			containerPortal = 4EC0A9D72F0ACB50007EEAA7 /* Project object */;
			proxyType = 1;
			remoteGlobalIDString = 4EC0AA3C2F0C8570007EEAA7;
			remoteInfo = ReadingNotesShareExtension;
		};
/* End PBXContainerItemProxy section */

/* Begin PBXCopyFilesBuildPhase section */
		4EC0AA4B2F0C8570007EEAA7 /* Embed Foundation Extensions */ = {
			isa = PBXCopyFilesBuildPhase;
			buildActionMask = 2147483647;
			dstPath = "";
			dstSubfolderSpec = 13;
			files = (
				4EC0AA472F0C8570007EEAA7 /* ReadingNotesShareExtension.appex in Embed Foundation Extensions */,
			);
			name = "Embed Foundation Extensions";
			runOnlyForDeploymentPostprocessing = 0;
		};
/* End PBXCopyFilesBuildPhase section */

/* Begin PBXFileReference section */
		4E5E697E2F0DD9E2002D5748 /* SharedImageProcessingView.swift */ = {isa = PBXFileReference; fileEncoding = 4; lastKnownFileType = sourcecode.swift; path = SharedImageProcessingView.swift; sourceTree = "<group>"; };
		4EA3212F2F0C929E000F8A19 /* ReadingNotesShareExtension.entitlements */ = {isa = PBXFileReference; lastKnownFileType = text.plist.entitlements; path = ReadingNotesShareExtension.entitlements; sourceTree = "<group>"; };
		4EA321342F0C9E44000F8A19 /* Secrets.swift */ = {isa = PBXFileReference; fileEncoding = 4; lastKnownFileType = sourcecode.swift; path = Secrets.swift; sourceTree = "<group>"; };
		4EA321352F0C9E44000F8A19 /* Secrets.template.swift */ = {isa = PBXFileReference; fileEncoding = 4; lastKnownFileType = sourcecode.swift; path = Secrets.template.swift; sourceTree = "<group>"; };
		4EA321392F0C9E5C000F8A19 /* ChatService.swift */ = {isa = PBXFileReference; fileEncoding = 4; lastKnownFileType = sourcecode.swift; path = ChatService.swift; sourceTree = "<group>"; };
		4EA3213B2F0C9E7F000F8A19 /* ChatView.swift */ = {isa = PBXFileReference; fileEncoding = 4; lastKnownFileType = sourcecode.swift; path = ChatView.swift; sourceTree = "<group>"; };
		4EA3213F2F0CAAB0000F8A19 /* SharedTextManager.swift */ = {isa = PBXFileReference; fileEncoding = 4; lastKnownFileType = sourcecode.swift; path = SharedTextManager.swift; sourceTree = "<group>"; };
		4EA321412F0CAAE7000F8A19 /* SharedTextPageSelectionView.swift */ = {isa = PBXFileReference; fileEncoding = 4; lastKnownFileType = sourcecode.swift; path = SharedTextPageSelectionView.swift; sourceTree = "<group>"; };
		4EC0A9DF2F0ACB50007EEAA7 /* ReadingNotesApp.app */ = {isa = PBXFileReference; explicitFileType = wrapper.application; includeInIndex = 0; path = ReadingNotesApp.app; sourceTree = BUILT_PRODUCTS_DIR; };
		4EC0A9E22F0ACB50007EEAA7 /* ReadingNotesAppApp.swift */ = {isa = PBXFileReference; lastKnownFileType = sourcecode.swift; path = ReadingNotesAppApp.swift; sourceTree = "<group>"; };
		4EC0A9E42F0ACB50007EEAA7 /* ContentView.swift */ = {isa = PBXFileReference; lastKnownFileType = sourcecode.swift; path = ContentView.swift; sourceTree = "<group>"; };
		4EC0A9E82F0ACB52007EEAA7 /* Assets.xcassets */ = {isa = PBXFileReference; lastKnownFileType = folder.assetcatalog; path = Assets.xcassets; sourceTree = "<group>"; };
		4EC0A9EA2F0ACB52007EEAA7 /* ReadingNotesApp.entitlements */ = {isa = PBXFileReference; lastKnownFileType = text.plist.entitlements; path = ReadingNotesApp.entitlements; sourceTree = "<group>"; };
		4EC0A9EC2F0ACB52007EEAA7 /* Preview Assets.xcassets */ = {isa = PBXFileReference; lastKnownFileType = folder.assetcatalog; path = "Preview Assets.xcassets"; sourceTree = "<group>"; };
		4EC0A9F32F0ACD58007EEAA7 /* Highlight.swift */ = {isa = PBXFileReference; fileEncoding = 4; lastKnownFileType = sourcecode.swift; path = Highlight.swift; sourceTree = "<group>"; };
		4EC0A9F42F0ACD58007EEAA7 /* KindleScreenshot.swift */ = {isa = PBXFileReference; fileEncoding = 4; lastKnownFileType = sourcecode.swift; path = KindleScreenshot.swift; sourceTree = "<group>"; };
		4EC0A9F52F0ACD58007EEAA7 /* Note.swift */ = {isa = PBXFileReference; fileEncoding = 4; lastKnownFileType = sourcecode.swift; path = Note.swift; sourceTree = "<group>"; };
		4EC0A9F62F0ACD58007EEAA7 /* NotionConfig.swift */ = {isa = PBXFileReference; fileEncoding = 4; lastKnownFileType = sourcecode.swift; path = NotionConfig.swift; sourceTree = "<group>"; };
		4EC0A9F82F0ACD58007EEAA7 /* ScreenshotRepository.swift */ = {isa = PBXFileReference; fileEncoding = 4; lastKnownFileType = sourcecode.swift; path = ScreenshotRepository.swift; sourceTree = "<group>"; };
		4EC0AA062F0ACD80007EEAA7 /* ScreenshotListViewModel.swift */ = {isa = PBXFileReference; fileEncoding = 4; lastKnownFileType = sourcecode.swift; path = ScreenshotListViewModel.swift; sourceTree = "<group>"; };
		4EC0AA082F0ACD80007EEAA7 /* ScreenshotDetailView.swift */ = {isa = PBXFileReference; fileEncoding = 4; lastKnownFileType = sourcecode.swift; path = ScreenshotDetailView.swift; sourceTree = "<group>"; };
		4EC0AA092F0ACD80007EEAA7 /* ScreenshotListView.swift */ = {isa = PBXFileReference; fileEncoding = 4; lastKnownFileType = sourcecode.swift; path = ScreenshotListView.swift; sourceTree = "<group>"; };
		4EC0AA1A2F0AD77D007EEAA7 /* OCRService.swift */ = {isa = PBXFileReference; fileEncoding = 4; lastKnownFileType = sourcecode.swift; path = OCRService.swift; sourceTree = "<group>"; };
		4EC0AA1B2F0AD77D007EEAA7 /* HighlightDetectionService.swift */ = {isa = PBXFileReference; fileEncoding = 4; lastKnownFileType = sourcecode.swift; path = HighlightDetectionService.swift; sourceTree = "<group>"; };
		4EC0AA1C2F0AD77D007EEAA7 /* ImageProcessingService.swift */ = {isa = PBXFileReference; fileEncoding = 4; lastKnownFileType = sourcecode.swift; path = ImageProcessingService.swift; sourceTree = "<group>"; };
		4EC0AA202F0AD78E007EEAA7 /* ImageProcessor.swift */ = {isa = PBXFileReference; fileEncoding = 4; lastKnownFileType = sourcecode.swift; path = ImageProcessor.swift; sourceTree = "<group>"; };
		4EC0AA222F0AE1FD007EEAA7 /* NotionBlock.swift */ = {isa = PBXFileReference; fileEncoding = 4; lastKnownFileType = sourcecode.swift; path = NotionBlock.swift; sourceTree = "<group>"; };
		4EC0AA232F0AE1FD007EEAA7 /* NotionPage.swift */ = {isa = PBXFileReference; fileEncoding = 4; lastKnownFileType = sourcecode.swift; path = NotionPage.swift; sourceTree = "<group>"; };
		4EC0AA252F0AE1FD007EEAA7 /* NotionAPIClient.swift */ = {isa = PBXFileReference; fileEncoding = 4; lastKnownFileType = sourcecode.swift; path = NotionAPIClient.swift; sourceTree = "<group>"; };
		4EC0AA262F0AE1FD007EEAA7 /* NotionAuthService.swift */ = {isa = PBXFileReference; fileEncoding = 4; lastKnownFileType = sourcecode.swift; path = NotionAuthService.swift; sourceTree = "<group>"; };
		4EC0AA272F0AE1FD007EEAA7 /* NotionSyncService.swift */ = {isa = PBXFileReference; fileEncoding = 4; lastKnownFileType = sourcecode.swift; path = NotionSyncService.swift; sourceTree = "<group>"; };
		4EC0AA2E2F0AE249007EEAA7 /* NotionConnectionView.swift */ = {isa = PBXFileReference; fileEncoding = 4; lastKnownFileType = sourcecode.swift; path = NotionConnectionView.swift; sourceTree = "<group>"; };
		4EC0AA2F2F0AE249007EEAA7 /* SettingsView.swift */ = {isa = PBXFileReference; fileEncoding = 4; lastKnownFileType = sourcecode.swift; path = SettingsView.swift; sourceTree = "<group>"; };
		4EC0AA322F0AE75C007EEAA7 /* Info.plist */ = {isa = PBXFileReference; lastKnownFileType = text.plist; path = Info.plist; sourceTree = "<group>"; };
		4EC0AA332F0AEE53007EEAA7 /* PageSelectionView.swift */ = {isa = PBXFileReference; fileEncoding = 4; lastKnownFileType = sourcecode.swift; path = PageSelectionView.swift; sourceTree = "<group>"; };
		4EC0AA352F0B114E007EEAA7 /* HighlightMaskService.swift */ = {isa = PBXFileReference; fileEncoding = 4; lastKnownFileType = sourcecode.swift; path = HighlightMaskService.swift; sourceTree = "<group>"; };
		4EC0AA372F0B14F4007EEAA7 /* LineBasedHighlightService.swift */ = {isa = PBXFileReference; fileEncoding = 4; lastKnownFileType = sourcecode.swift; path = LineBasedHighlightService.swift; sourceTree = "<group>"; };
		4EC0AA3D2F0C8570007EEAA7 /* ReadingNotesShareExtension.appex */ = {isa = PBXFileReference; explicitFileType = "wrapper.app-extension"; includeInIndex = 0; path = ReadingNotesShareExtension.appex; sourceTree = BUILT_PRODUCTS_DIR; };
		4EC0AA3F2F0C8570007EEAA7 /* ShareViewController.swift */ = {isa = PBXFileReference; lastKnownFileType = sourcecode.swift; path = ShareViewController.swift; sourceTree = "<group>"; };
		4EC0AA422F0C8570007EEAA7 /* Base */ = {isa = PBXFileReference; lastKnownFileType = file.storyboard; name = Base; path = Base.lproj/MainInterface.storyboard; sourceTree = "<group>"; };
		4EC0AA442F0C8570007EEAA7 /* Info.plist */ = {isa = PBXFileReference; lastKnownFileType = text.plist.xml; path = Info.plist; sourceTree = "<group>"; };
		4EC0AA4C2F0C8AC9007EEAA7 /* SharePageSelectionView.swift */ = {isa = PBXFileReference; fileEncoding = 4; lastKnownFileType = sourcecode.swift; path = SharePageSelectionView.swift; sourceTree = "<group>"; };
/* End PBXFileReference section */

/* Begin PBXFrameworksBuildPhase section */
		4EC0A9DC2F0ACB50007EEAA7 /* Frameworks */ = {
			isa = PBXFrameworksBuildPhase;
			buildActionMask = 2147483647;
			files = (
			);
			runOnlyForDeploymentPostprocessing = 0;
		};
		4EC0AA3A2F0C8570007EEAA7 /* Frameworks */ = {
			isa = PBXFrameworksBuildPhase;
			buildActionMask = 2147483647;
			files = (
			);
			runOnlyForDeploymentPostprocessing = 0;
		};
/* End PBXFrameworksBuildPhase section */

/* Begin PBXGroup section */
		4E5E697F2F0DD9E2002D5748 /* Views */ = {
			isa = PBXGroup;
			children = (
				4E5E697E2F0DD9E2002D5748 /* SharedImageProcessingView.swift */,
			);
			path = Views;
			sourceTree = "<group>";
		};
		4E5E69802F0DD9E2002D5748 /* SharedImage */ = {
			isa = PBXGroup;
			children = (
				4E5E697F2F0DD9E2002D5748 /* Views */,
			);
			path = SharedImage;
			sourceTree = "<group>";
		};
		4EA321362F0C9E44000F8A19 /* Config */ = {
			isa = PBXGroup;
			children = (
				4EA321342F0C9E44000F8A19 /* Secrets.swift */,
				4EA321352F0C9E44000F8A19 /* Secrets.template.swift */,
			);
			path = Config;
			sourceTree = "<group>";
		};
		4EA3213C2F0C9E7F000F8A19 /* Views */ = {
			isa = PBXGroup;
			children = (
				4EA3213B2F0C9E7F000F8A19 /* ChatView.swift */,
			);
			path = Views;
			sourceTree = "<group>";
		};
		4EA3213D2F0C9E7F000F8A19 /* Chat */ = {
			isa = PBXGroup;
			children = (
				4EA3213C2F0C9E7F000F8A19 /* Views */,
			);
			path = Chat;
			sourceTree = "<group>";
		};
		4EA321422F0CAAE7000F8A19 /* Views */ = {
			isa = PBXGroup;
			children = (
				4EA321412F0CAAE7000F8A19 /* SharedTextPageSelectionView.swift */,
			);
			path = Views;
			sourceTree = "<group>";
		};
		4EA321432F0CAAE7000F8A19 /* SharedText */ = {
			isa = PBXGroup;
			children = (
				4EA321422F0CAAE7000F8A19 /* Views */,
			);
			path = SharedText;
			sourceTree = "<group>";
		};
		4EC0A9D62F0ACB50007EEAA7 = {
			isa = PBXGroup;
			children = (
				4EC0A9E12F0ACB50007EEAA7 /* ReadingNotesApp */,
				4EC0AA3E2F0C8570007EEAA7 /* ReadingNotesShareExtension */,
				4EC0A9E02F0ACB50007EEAA7 /* Products */,
			);
			sourceTree = "<group>";
		};
		4EC0A9E02F0ACB50007EEAA7 /* Products */ = {
			isa = PBXGroup;
			children = (
				4EC0A9DF2F0ACB50007EEAA7 /* ReadingNotesApp.app */,
				4EC0AA3D2F0C8570007EEAA7 /* ReadingNotesShareExtension.appex */,
			);
			name = Products;
			sourceTree = "<group>";
		};
		4EC0A9E12F0ACB50007EEAA7 /* ReadingNotesApp */ = {
			isa = PBXGroup;
			children = (
				4EC0AA322F0AE75C007EEAA7 /* Info.plist */,
				4EC0A9E22F0ACB50007EEAA7 /* ReadingNotesAppApp.swift */,
				4EC0AA282F0AE1FD007EEAA7 /* NotionSync */,
				4EC0AA0E2F0ACD80007EEAA7 /* Features */,
				4EC0A9FC2F0ACD58007EEAA7 /* Core */,
				4EC0A9E42F0ACB50007EEAA7 /* ContentView.swift */,
				4EC0A9E82F0ACB52007EEAA7 /* Assets.xcassets */,
				4EC0A9EA2F0ACB52007EEAA7 /* ReadingNotesApp.entitlements */,
				4EC0A9EB2F0ACB52007EEAA7 /* Preview Content */,
			);
			path = ReadingNotesApp;
			sourceTree = "<group>";
		};
		4EC0A9EB2F0ACB52007EEAA7 /* Preview Content */ = {
			isa = PBXGroup;
			children = (
				4EC0A9EC2F0ACB52007EEAA7 /* Preview Assets.xcassets */,
			);
			path = "Preview Content";
			sourceTree = "<group>";
		};
		4EC0A9F72F0ACD58007EEAA7 /* Models */ = {
			isa = PBXGroup;
			children = (
				4EC0A9F32F0ACD58007EEAA7 /* Highlight.swift */,
				4EC0A9F42F0ACD58007EEAA7 /* KindleScreenshot.swift */,
				4EC0A9F52F0ACD58007EEAA7 /* Note.swift */,
				4EC0A9F62F0ACD58007EEAA7 /* NotionConfig.swift */,
			);
			path = Models;
			sourceTree = "<group>";
		};
		4EC0A9F92F0ACD58007EEAA7 /* Repositories */ = {
			isa = PBXGroup;
			children = (
				4EC0A9F82F0ACD58007EEAA7 /* ScreenshotRepository.swift */,
			);
			path = Repositories;
			sourceTree = "<group>";
		};
		4EC0A9FA2F0ACD58007EEAA7 /* Services */ = {
			isa = PBXGroup;
			children = (
				4EA3213F2F0CAAB0000F8A19 /* SharedTextManager.swift */,
				4EA321392F0C9E5C000F8A19 /* ChatService.swift */,
				4EC0AA372F0B14F4007EEAA7 /* LineBasedHighlightService.swift */,
				4EC0AA352F0B114E007EEAA7 /* HighlightMaskService.swift */,
				4EC0AA1B2F0AD77D007EEAA7 /* HighlightDetectionService.swift */,
				4EC0AA1C2F0AD77D007EEAA7 /* ImageProcessingService.swift */,
				4EC0AA1A2F0AD77D007EEAA7 /* OCRService.swift */,
			);
			path = Services;
			sourceTree = "<group>";
		};
		4EC0A9FB2F0ACD58007EEAA7 /* Utilities */ = {
			isa = PBXGroup;
			children = (
				4EC0AA202F0AD78E007EEAA7 /* ImageProcessor.swift */,
			);
			path = Utilities;
			sourceTree = "<group>";
		};
		4EC0A9FC2F0ACD58007EEAA7 /* Core */ = {
			isa = PBXGroup;
			children = (
				4EA321362F0C9E44000F8A19 /* Config */,
				4EC0A9F72F0ACD58007EEAA7 /* Models */,
				4EC0A9F92F0ACD58007EEAA7 /* Repositories */,
				4EC0A9FA2F0ACD58007EEAA7 /* Services */,
				4EC0A9FB2F0ACD58007EEAA7 /* Utilities */,
			);
			path = Core;
			sourceTree = "<group>";
		};
		4EC0AA022F0ACD80007EEAA7 /* Views */ = {
			isa = PBXGroup;
			children = (
			);
			path = Views;
			sourceTree = "<group>";
		};
		4EC0AA032F0ACD80007EEAA7 /* Highlights */ = {
			isa = PBXGroup;
			children = (
				4EC0AA022F0ACD80007EEAA7 /* Views */,
			);
			path = Highlights;
			sourceTree = "<group>";
		};
		4EC0AA042F0ACD80007EEAA7 /* Views */ = {
			isa = PBXGroup;
			children = (
			);
			path = Views;
			sourceTree = "<group>";
		};
		4EC0AA052F0ACD80007EEAA7 /* Notes */ = {
			isa = PBXGroup;
			children = (
				4EC0AA042F0ACD80007EEAA7 /* Views */,
			);
			path = Notes;
			sourceTree = "<group>";
		};
		4EC0AA072F0ACD80007EEAA7 /* ViewModels */ = {
			isa = PBXGroup;
			children = (
				4EC0AA062F0ACD80007EEAA7 /* ScreenshotListViewModel.swift */,
			);
			path = ViewModels;
			sourceTree = "<group>";
		};
		4EC0AA0A2F0ACD80007EEAA7 /* Views */ = {
			isa = PBXGroup;
			children = (
				4EC0AA082F0ACD80007EEAA7 /* ScreenshotDetailView.swift */,
				4EC0AA092F0ACD80007EEAA7 /* ScreenshotListView.swift */,
			);
			path = Views;
			sourceTree = "<group>";
		};
		4EC0AA0B2F0ACD80007EEAA7 /* Screenshots */ = {
			isa = PBXGroup;
			children = (
				4EC0AA072F0ACD80007EEAA7 /* ViewModels */,
				4EC0AA0A2F0ACD80007EEAA7 /* Views */,
			);
			path = Screenshots;
			sourceTree = "<group>";
		};
		4EC0AA0C2F0ACD80007EEAA7 /* Views */ = {
			isa = PBXGroup;
			children = (
				4EC0AA332F0AEE53007EEAA7 /* PageSelectionView.swift */,
				4EC0AA2E2F0AE249007EEAA7 /* NotionConnectionView.swift */,
				4EC0AA2F2F0AE249007EEAA7 /* SettingsView.swift */,
			);
			path = Views;
			sourceTree = "<group>";
		};
		4EC0AA0D2F0ACD80007EEAA7 /* Settings */ = {
			isa = PBXGroup;
			children = (
				4EC0AA0C2F0ACD80007EEAA7 /* Views */,
			);
			path = Settings;
			sourceTree = "<group>";
		};
		4EC0AA0E2F0ACD80007EEAA7 /* Features */ = {
			isa = PBXGroup;
			children = (
				4E5E69802F0DD9E2002D5748 /* SharedImage */,
				4EA321432F0CAAE7000F8A19 /* SharedText */,
				4EA3213D2F0C9E7F000F8A19 /* Chat */,
				4EC0AA032F0ACD80007EEAA7 /* Highlights */,
				4EC0AA052F0ACD80007EEAA7 /* Notes */,
				4EC0AA0B2F0ACD80007EEAA7 /* Screenshots */,
				4EC0AA0D2F0ACD80007EEAA7 /* Settings */,
			);
			path = Features;
			sourceTree = "<group>";
		};
		4EC0AA242F0AE1FD007EEAA7 /* Models */ = {
			isa = PBXGroup;
			children = (
				4EC0AA222F0AE1FD007EEAA7 /* NotionBlock.swift */,
				4EC0AA232F0AE1FD007EEAA7 /* NotionPage.swift */,
			);
			path = Models;
			sourceTree = "<group>";
		};
		4EC0AA282F0AE1FD007EEAA7 /* NotionSync */ = {
			isa = PBXGroup;
			children = (
				4EC0AA242F0AE1FD007EEAA7 /* Models */,
				4EC0AA252F0AE1FD007EEAA7 /* NotionAPIClient.swift */,
				4EC0AA262F0AE1FD007EEAA7 /* NotionAuthService.swift */,
				4EC0AA272F0AE1FD007EEAA7 /* NotionSyncService.swift */,
			);
			path = NotionSync;
			sourceTree = "<group>";
		};
		4EC0AA3E2F0C8570007EEAA7 /* ReadingNotesShareExtension */ = {
			isa = PBXGroup;
			children = (
				4EA3212F2F0C929E000F8A19 /* ReadingNotesShareExtension.entitlements */,
				4EC0AA4C2F0C8AC9007EEAA7 /* SharePageSelectionView.swift */,
				4EC0AA3F2F0C8570007EEAA7 /* ShareViewController.swift */,
				4EC0AA412F0C8570007EEAA7 /* MainInterface.storyboard */,
				4EC0AA442F0C8570007EEAA7 /* Info.plist */,
			);
			path = ReadingNotesShareExtension;
			sourceTree = "<group>";
		};
/* End PBXGroup section */

/* Begin PBXNativeTarget section */
		4EC0A9DE2F0ACB50007EEAA7 /* ReadingNotesApp */ = {
			isa = PBXNativeTarget;
			buildConfigurationList = 4EC0A9F02F0ACB52007EEAA7 /* Build configuration list for PBXNativeTarget "ReadingNotesApp" */;
			buildPhases = (
				4EC0A9DB2F0ACB50007EEAA7 /* Sources */,
				4EC0A9DC2F0ACB50007EEAA7 /* Frameworks */,
				4EC0A9DD2F0ACB50007EEAA7 /* Resources */,
				4EC0AA4B2F0C8570007EEAA7 /* Embed Foundation Extensions */,
			);
			buildRules = (
			);
			dependencies = (
				4EC0AA462F0C8570007EEAA7 /* PBXTargetDependency */,
			);
			name = ReadingNotesApp;
			productName = ReadingNotesApp;
			productReference = 4EC0A9DF2F0ACB50007EEAA7 /* ReadingNotesApp.app */;
			productType = "com.apple.product-type.application";
		};
		4EC0AA3C2F0C8570007EEAA7 /* ReadingNotesShareExtension */ = {
			isa = PBXNativeTarget;
			buildConfigurationList = 4EC0AA482F0C8570007EEAA7 /* Build configuration list for PBXNativeTarget "ReadingNotesShareExtension" */;
			buildPhases = (
				4EC0AA392F0C8570007EEAA7 /* Sources */,
				4EC0AA3A2F0C8570007EEAA7 /* Frameworks */,
				4EC0AA3B2F0C8570007EEAA7 /* Resources */,
			);
			buildRules = (
			);
			dependencies = (
			);
			name = ReadingNotesShareExtension;
			productName = ReadingNotesShareExtension;
			productReference = 4EC0AA3D2F0C8570007EEAA7 /* ReadingNotesShareExtension.appex */;
			productType = "com.apple.product-type.app-extension";
		};
/* End PBXNativeTarget section */

/* Begin PBXProject section */
		4EC0A9D72F0ACB50007EEAA7 /* Project object */ = {
			isa = PBXProject;
			attributes = {
				BuildIndependentTargetsInParallel = 1;
				LastSwiftUpdateCheck = 1540;
				LastUpgradeCheck = 1540;
				TargetAttributes = {
					4EC0A9DE2F0ACB50007EEAA7 = {
						CreatedOnToolsVersion = 15.4;
					};
					4EC0AA3C2F0C8570007EEAA7 = {
						CreatedOnToolsVersion = 15.4;
					};
				};
			};
			buildConfigurationList = 4EC0A9DA2F0ACB50007EEAA7 /* Build configuration list for PBXProject "ReadingNotesApp" */;
			compatibilityVersion = "Xcode 14.0";
			developmentRegion = en;
			hasScannedForEncodings = 0;
			knownRegions = (
				en,
				Base,
			);
			mainGroup = 4EC0A9D62F0ACB50007EEAA7;
			productRefGroup = 4EC0A9E02F0ACB50007EEAA7 /* Products */;
			projectDirPath = "";
			projectRoot = "";
			targets = (
				4EC0A9DE2F0ACB50007EEAA7 /* ReadingNotesApp */,
				4EC0AA3C2F0C8570007EEAA7 /* ReadingNotesShareExtension */,
			);
		};
/* End PBXProject section */

/* Begin PBXResourcesBuildPhase section */
		4EC0A9DD2F0ACB50007EEAA7 /* Resources */ = {
			isa = PBXResourcesBuildPhase;
			buildActionMask = 2147483647;
			files = (
				4EC0A9ED2F0ACB52007EEAA7 /* Preview Assets.xcassets in Resources */,
				4EC0A9E92F0ACB52007EEAA7 /* Assets.xcassets in Resources */,
			);
			runOnlyForDeploymentPostprocessing = 0;
		};
		4EC0AA3B2F0C8570007EEAA7 /* Resources */ = {
			isa = PBXResourcesBuildPhase;
			buildActionMask = 2147483647;
			files = (
				4EC0AA432F0C8570007EEAA7 /* Base in Resources */,
			);
			runOnlyForDeploymentPostprocessing = 0;
		};
/* End PBXResourcesBuildPhase section */

/* Begin PBXSourcesBuildPhase section */
		4EC0A9DB2F0ACB50007EEAA7 /* Sources */ = {
			isa = PBXSourcesBuildPhase;
			buildActionMask = 2147483647;
			files = (
				4EC0AA312F0AE249007EEAA7 /* SettingsView.swift in Sources */,
				4EC0A9E52F0ACB50007EEAA7 /* ContentView.swift in Sources */,
				4EC0AA342F0AEE53007EEAA7 /* PageSelectionView.swift in Sources */,
				4EC0AA1F2F0AD77D007EEAA7 /* ImageProcessingService.swift in Sources */,
				4EA3213E2F0C9E7F000F8A19 /* ChatView.swift in Sources */,
				4EC0AA0F2F0ACD80007EEAA7 /* ScreenshotListViewModel.swift in Sources */,
				4EC0AA362F0B114E007EEAA7 /* HighlightMaskService.swift in Sources */,
				4EC0AA102F0ACD80007EEAA7 /* ScreenshotDetailView.swift in Sources */,
				4E5E69812F0DD9E2002D5748 /* SharedImageProcessingView.swift in Sources */,
				4EC0AA292F0AE1FD007EEAA7 /* NotionBlock.swift in Sources */,
				4EC0AA212F0AD78E007EEAA7 /* ImageProcessor.swift in Sources */,
				4EC0AA002F0ACD59007EEAA7 /* NotionConfig.swift in Sources */,
				4EA321382F0C9E44000F8A19 /* Secrets.template.swift in Sources */,
				4EC0AA012F0ACD59007EEAA7 /* ScreenshotRepository.swift in Sources */,
				4EC0AA2C2F0AE1FD007EEAA7 /* NotionAuthService.swift in Sources */,
				4EC0A9FD2F0ACD58007EEAA7 /* Highlight.swift in Sources */,
				4EA3213A2F0C9E5C000F8A19 /* ChatService.swift in Sources */,
				4EC0AA2D2F0AE1FD007EEAA7 /* NotionSyncService.swift in Sources */,
				4EC0AA1D2F0AD77D007EEAA7 /* OCRService.swift in Sources */,
				4EC0A9E32F0ACB50007EEAA7 /* ReadingNotesAppApp.swift in Sources */,
				4EA321372F0C9E44000F8A19 /* Secrets.swift in Sources */,
				4EA321442F0CAAE7000F8A19 /* SharedTextPageSelectionView.swift in Sources */,
				4EA321402F0CAAB0000F8A19 /* SharedTextManager.swift in Sources */,
				4EC0AA112F0ACD80007EEAA7 /* ScreenshotListView.swift in Sources */,
				4EC0A9FE2F0ACD59007EEAA7 /* KindleScreenshot.swift in Sources */,
				4EC0AA382F0B14F4007EEAA7 /* LineBasedHighlightService.swift in Sources */,
				4EC0AA1E2F0AD77D007EEAA7 /* HighlightDetectionService.swift in Sources */,
				4EC0A9FF2F0ACD59007EEAA7 /* Note.swift in Sources */,
				4EC0AA2A2F0AE1FD007EEAA7 /* NotionPage.swift in Sources */,
				4EC0AA2B2F0AE1FD007EEAA7 /* NotionAPIClient.swift in Sources */,
				4EC0AA302F0AE249007EEAA7 /* NotionConnectionView.swift in Sources */,
			);
			runOnlyForDeploymentPostprocessing = 0;
		};
		4EC0AA392F0C8570007EEAA7 /* Sources */ = {
			isa = PBXSourcesBuildPhase;
			buildActionMask = 2147483647;
			files = (
				4EC0AA562F0C8C63007EEAA7 /* NotionConfig.swift in Sources */,
				4E5E69822F0DDAD4002D5748 /* SharedTextManager.swift in Sources */,
				4EC0AA522F0C8BE9007EEAA7 /* NotionPage.swift in Sources */,
				4EC0AA4F2F0C8BD8007EEAA7 /* NotionAuthService.swift in Sources */,
				4EC0AA532F0C8C5A007EEAA7 /* Highlight.swift in Sources */,
				4EC0AA4D2F0C8AC9007EEAA7 /* SharePageSelectionView.swift in Sources */,
				4EC0AA402F0C8570007EEAA7 /* ShareViewController.swift in Sources */,
				4EC0AA552F0C8C5F007EEAA7 /* Note.swift in Sources */,
				4EC0AA502F0C8BDB007EEAA7 /* NotionAPIClient.swift in Sources */,
				4EC0AA542F0C8C5D007EEAA7 /* KindleScreenshot.swift in Sources */,
				4EC0AA512F0C8BE5007EEAA7 /* NotionBlock.swift in Sources */,
				4EC0AA4E2F0C8BD4007EEAA7 /* NotionSyncService.swift in Sources */,
			);
			runOnlyForDeploymentPostprocessing = 0;
		};
/* End PBXSourcesBuildPhase section */

/* Begin PBXTargetDependency section */
		4EC0AA462F0C8570007EEAA7 /* PBXTargetDependency */ = {
			isa = PBXTargetDependency;
			target = 4EC0AA3C2F0C8570007EEAA7 /* ReadingNotesShareExtension */;
			targetProxy = 4EC0AA452F0C8570007EEAA7 /* PBXContainerItemProxy */;
		};
/* End PBXTargetDependency section */

/* Begin PBXVariantGroup section */
		4EC0AA412F0C8570007EEAA7 /* MainInterface.storyboard */ = {
			isa = PBXVariantGroup;
			children = (
				4EC0AA422F0C8570007EEAA7 /* Base */,
			);
			name = MainInterface.storyboard;
			sourceTree = "<group>";
		};
/* End PBXVariantGroup section */

/* Begin XCBuildConfiguration section */
		4EC0A9EE2F0ACB52007EEAA7 /* Debug */ = {
			isa = XCBuildConfiguration;
			buildSettings = {
				ALWAYS_SEARCH_USER_PATHS = NO;
				ASSETCATALOG_COMPILER_GENERATE_SWIFT_ASSET_SYMBOL_EXTENSIONS = YES;
				CLANG_ANALYZER_NONNULL = YES;
				CLANG_ANALYZER_NUMBER_OBJECT_CONVERSION = YES_AGGRESSIVE;
				CLANG_CXX_LANGUAGE_STANDARD = "gnu++20";
				CLANG_ENABLE_MODULES = YES;
				CLANG_ENABLE_OBJC_ARC = YES;
				CLANG_ENABLE_OBJC_WEAK = YES;
				CLANG_WARN_BLOCK_CAPTURE_AUTORELEASING = YES;
				CLANG_WARN_BOOL_CONVERSION = YES;
				CLANG_WARN_COMMA = YES;
				CLANG_WARN_CONSTANT_CONVERSION = YES;
				CLANG_WARN_DEPRECATED_OBJC_IMPLEMENTATIONS = YES;
				CLANG_WARN_DIRECT_OBJC_ISA_USAGE = YES_ERROR;
				CLANG_WARN_DOCUMENTATION_COMMENTS = YES;
				CLANG_WARN_EMPTY_BODY = YES;
				CLANG_WARN_ENUM_CONVERSION = YES;
				CLANG_WARN_INFINITE_RECURSION = YES;
				CLANG_WARN_INT_CONVERSION = YES;
				CLANG_WARN_NON_LITERAL_NULL_CONVERSION = YES;
				CLANG_WARN_OBJC_IMPLICIT_RETAIN_SELF = YES;
				CLANG_WARN_OBJC_LITERAL_CONVERSION = YES;
				CLANG_WARN_OBJC_ROOT_CLASS = YES_ERROR;
				CLANG_WARN_QUOTED_INCLUDE_IN_FRAMEWORK_HEADER = YES;
				CLANG_WARN_RANGE_LOOP_ANALYSIS = YES;
				CLANG_WARN_STRICT_PROTOTYPES = YES;
				CLANG_WARN_SUSPICIOUS_MOVE = YES;
				CLANG_WARN_UNGUARDED_AVAILABILITY = YES_AGGRESSIVE;
				CLANG_WARN_UNREACHABLE_CODE = YES;
				CLANG_WARN__DUPLICATE_METHOD_MATCH = YES;
				COPY_PHASE_STRIP = NO;
				DEBUG_INFORMATION_FORMAT = dwarf;
				ENABLE_STRICT_OBJC_MSGSEND = YES;
				ENABLE_TESTABILITY = YES;
				ENABLE_USER_SCRIPT_SANDBOXING = YES;
				GCC_C_LANGUAGE_STANDARD = gnu17;
				GCC_DYNAMIC_NO_PIC = NO;
				GCC_NO_COMMON_BLOCKS = YES;
				GCC_OPTIMIZATION_LEVEL = 0;
				GCC_PREPROCESSOR_DEFINITIONS = (
					"DEBUG=1",
					"$(inherited)",
				);
				GCC_WARN_64_TO_32_BIT_CONVERSION = YES;
				GCC_WARN_ABOUT_RETURN_TYPE = YES_ERROR;
				GCC_WARN_UNDECLARED_SELECTOR = YES;
				GCC_WARN_UNINITIALIZED_AUTOS = YES_AGGRESSIVE;
				GCC_WARN_UNUSED_FUNCTION = YES;
				GCC_WARN_UNUSED_VARIABLE = YES;
				LOCALIZATION_PREFERS_STRING_CATALOGS = YES;
				MTL_ENABLE_DEBUG_INFO = INCLUDE_SOURCE;
				MTL_FAST_MATH = YES;
				ONLY_ACTIVE_ARCH = YES;
				SWIFT_ACTIVE_COMPILATION_CONDITIONS = "DEBUG $(inherited)";
				SWIFT_OPTIMIZATION_LEVEL = "-Onone";
			};
			name = Debug;
		};
		4EC0A9EF2F0ACB52007EEAA7 /* Release */ = {
			isa = XCBuildConfiguration;
			buildSettings = {
				ALWAYS_SEARCH_USER_PATHS = NO;
				ASSETCATALOG_COMPILER_GENERATE_SWIFT_ASSET_SYMBOL_EXTENSIONS = YES;
				CLANG_ANALYZER_NONNULL = YES;
				CLANG_ANALYZER_NUMBER_OBJECT_CONVERSION = YES_AGGRESSIVE;
				CLANG_CXX_LANGUAGE_STANDARD = "gnu++20";
				CLANG_ENABLE_MODULES = YES;
				CLANG_ENABLE_OBJC_ARC = YES;
				CLANG_ENABLE_OBJC_WEAK = YES;
				CLANG_WARN_BLOCK_CAPTURE_AUTORELEASING = YES;
				CLANG_WARN_BOOL_CONVERSION = YES;
				CLANG_WARN_COMMA = YES;
				CLANG_WARN_CONSTANT_CONVERSION = YES;
				CLANG_WARN_DEPRECATED_OBJC_IMPLEMENTATIONS = YES;
				CLANG_WARN_DIRECT_OBJC_ISA_USAGE = YES_ERROR;
				CLANG_WARN_DOCUMENTATION_COMMENTS = YES;
				CLANG_WARN_EMPTY_BODY = YES;
				CLANG_WARN_ENUM_CONVERSION = YES;
				CLANG_WARN_INFINITE_RECURSION = YES;
				CLANG_WARN_INT_CONVERSION = YES;
				CLANG_WARN_NON_LITERAL_NULL_CONVERSION = YES;
				CLANG_WARN_OBJC_IMPLICIT_RETAIN_SELF = YES;
				CLANG_WARN_OBJC_LITERAL_CONVERSION = YES;
				CLANG_WARN_OBJC_ROOT_CLASS = YES_ERROR;
				CLANG_WARN_QUOTED_INCLUDE_IN_FRAMEWORK_HEADER = YES;
				CLANG_WARN_RANGE_LOOP_ANALYSIS = YES;
				CLANG_WARN_STRICT_PROTOTYPES = YES;
				CLANG_WARN_SUSPICIOUS_MOVE = YES;
				CLANG_WARN_UNGUARDED_AVAILABILITY = YES_AGGRESSIVE;
				CLANG_WARN_UNREACHABLE_CODE = YES;
				CLANG_WARN__DUPLICATE_METHOD_MATCH = YES;
				COPY_PHASE_STRIP = NO;
				DEBUG_INFORMATION_FORMAT = "dwarf-with-dsym";
				ENABLE_NS_ASSERTIONS = NO;
				ENABLE_STRICT_OBJC_MSGSEND = YES;
				ENABLE_USER_SCRIPT_SANDBOXING = YES;
				GCC_C_LANGUAGE_STANDARD = gnu17;
				GCC_NO_COMMON_BLOCKS = YES;
				GCC_WARN_64_TO_32_BIT_CONVERSION = YES;
				GCC_WARN_ABOUT_RETURN_TYPE = YES_ERROR;
				GCC_WARN_UNDECLARED_SELECTOR = YES;
				GCC_WARN_UNINITIALIZED_AUTOS = YES_AGGRESSIVE;
				GCC_WARN_UNUSED_FUNCTION = YES;
				GCC_WARN_UNUSED_VARIABLE = YES;
				LOCALIZATION_PREFERS_STRING_CATALOGS = YES;
				MTL_ENABLE_DEBUG_INFO = NO;
				MTL_FAST_MATH = YES;
				SWIFT_COMPILATION_MODE = wholemodule;
			};
			name = Release;
		};
		4EC0A9F12F0ACB52007EEAA7 /* Debug */ = {
			isa = XCBuildConfiguration;
			buildSettings = {
				ALWAYS_EMBED_SWIFT_STANDARD_LIBRARIES = YES;
				ASSETCATALOG_COMPILER_APPICON_NAME = AppIcon;
				ASSETCATALOG_COMPILER_GLOBAL_ACCENT_COLOR_NAME = AccentColor;
				CODE_SIGN_ENTITLEMENTS = ReadingNotesApp/ReadingNotesApp.entitlements;
				CODE_SIGN_STYLE = Automatic;
				CURRENT_PROJECT_VERSION = 1;
				DEVELOPMENT_ASSET_PATHS = "\"ReadingNotesApp/Preview Content\"";
				DEVELOPMENT_TEAM = 9UD782RHCC;
				ENABLE_PREVIEWS = YES;
				GENERATE_INFOPLIST_FILE = YES;
				INFOPLIST_FILE = ReadingNotesApp/Info.plist;
				"INFOPLIST_KEY_UIApplicationSceneManifest_Generation[sdk=iphoneos*]" = YES;
				"INFOPLIST_KEY_UIApplicationSceneManifest_Generation[sdk=iphonesimulator*]" = YES;
				"INFOPLIST_KEY_UIApplicationSupportsIndirectInputEvents[sdk=iphoneos*]" = YES;
				"INFOPLIST_KEY_UIApplicationSupportsIndirectInputEvents[sdk=iphonesimulator*]" = YES;
				"INFOPLIST_KEY_UILaunchScreen_Generation[sdk=iphoneos*]" = YES;
				"INFOPLIST_KEY_UILaunchScreen_Generation[sdk=iphonesimulator*]" = YES;
				"INFOPLIST_KEY_UIStatusBarStyle[sdk=iphoneos*]" = UIStatusBarStyleDefault;
				"INFOPLIST_KEY_UIStatusBarStyle[sdk=iphonesimulator*]" = UIStatusBarStyleDefault;
				INFOPLIST_KEY_UISupportedInterfaceOrientations_iPad = "UIInterfaceOrientationPortrait UIInterfaceOrientationPortraitUpsideDown UIInterfaceOrientationLandscapeLeft UIInterfaceOrientationLandscapeRight";
				INFOPLIST_KEY_UISupportedInterfaceOrientations_iPhone = "UIInterfaceOrientationPortrait UIInterfaceOrientationLandscapeLeft UIInterfaceOrientationLandscapeRight";
				IPHONEOS_DEPLOYMENT_TARGET = 17.5;
				LD_RUNPATH_SEARCH_PATHS = "@executable_path/Frameworks";
				"LD_RUNPATH_SEARCH_PATHS[sdk=macosx*]" = "@executable_path/../Frameworks";
				MACOSX_DEPLOYMENT_TARGET = 14.0;
				MARKETING_VERSION = 1.0;
				PRODUCT_BUNDLE_IDENTIFIER = com.michaelguo.ReadingNotesApp;
				PRODUCT_NAME = "$(TARGET_NAME)";
				SDKROOT = auto;
				SUPPORTED_PLATFORMS = "iphoneos iphonesimulator macosx";
				SWIFT_EMIT_LOC_STRINGS = YES;
				SWIFT_VERSION = 5.0;
				TARGETED_DEVICE_FAMILY = "1,2";
			};
			name = Debug;
		};
		4EC0A9F22F0ACB52007EEAA7 /* Release */ = {
			isa = XCBuildConfiguration;
			buildSettings = {
				ALWAYS_EMBED_SWIFT_STANDARD_LIBRARIES = YES;
				ASSETCATALOG_COMPILER_APPICON_NAME = AppIcon;
				ASSETCATALOG_COMPILER_GLOBAL_ACCENT_COLOR_NAME = AccentColor;
				CODE_SIGN_ENTITLEMENTS = ReadingNotesApp/ReadingNotesApp.entitlements;
				CODE_SIGN_STYLE = Automatic;
				CURRENT_PROJECT_VERSION = 1;
				DEVELOPMENT_ASSET_PATHS = "\"ReadingNotesApp/Preview Content\"";
				DEVELOPMENT_TEAM = 9UD782RHCC;
				ENABLE_PREVIEWS = YES;
				GENERATE_INFOPLIST_FILE = YES;
				INFOPLIST_FILE = ReadingNotesApp/Info.plist;
				"INFOPLIST_KEY_UIApplicationSceneManifest_Generation[sdk=iphoneos*]" = YES;
				"INFOPLIST_KEY_UIApplicationSceneManifest_Generation[sdk=iphonesimulator*]" = YES;
				"INFOPLIST_KEY_UIApplicationSupportsIndirectInputEvents[sdk=iphoneos*]" = YES;
				"INFOPLIST_KEY_UIApplicationSupportsIndirectInputEvents[sdk=iphonesimulator*]" = YES;
				"INFOPLIST_KEY_UILaunchScreen_Generation[sdk=iphoneos*]" = YES;
				"INFOPLIST_KEY_UILaunchScreen_Generation[sdk=iphonesimulator*]" = YES;
				"INFOPLIST_KEY_UIStatusBarStyle[sdk=iphoneos*]" = UIStatusBarStyleDefault;
				"INFOPLIST_KEY_UIStatusBarStyle[sdk=iphonesimulator*]" = UIStatusBarStyleDefault;
				INFOPLIST_KEY_UISupportedInterfaceOrientations_iPad = "UIInterfaceOrientationPortrait UIInterfaceOrientationPortraitUpsideDown UIInterfaceOrientationLandscapeLeft UIInterfaceOrientationLandscapeRight";
				INFOPLIST_KEY_UISupportedInterfaceOrientations_iPhone = "UIInterfaceOrientationPortrait UIInterfaceOrientationLandscapeLeft UIInterfaceOrientationLandscapeRight";
				IPHONEOS_DEPLOYMENT_TARGET = 17.5;
				LD_RUNPATH_SEARCH_PATHS = "@executable_path/Frameworks";
				"LD_RUNPATH_SEARCH_PATHS[sdk=macosx*]" = "@executable_path/../Frameworks";
				MACOSX_DEPLOYMENT_TARGET = 14.0;
				MARKETING_VERSION = 1.0;
				PRODUCT_BUNDLE_IDENTIFIER = com.michaelguo.ReadingNotesApp;
				PRODUCT_NAME = "$(TARGET_NAME)";
				SDKROOT = auto;
				SUPPORTED_PLATFORMS = "iphoneos iphonesimulator macosx";
				SWIFT_EMIT_LOC_STRINGS = YES;
				SWIFT_VERSION = 5.0;
				TARGETED_DEVICE_FAMILY = "1,2";
			};
			name = Release;
		};
		4EC0AA492F0C8570007EEAA7 /* Debug */ = {
			isa = XCBuildConfiguration;
			buildSettings = {
				CODE_SIGN_ENTITLEMENTS = ReadingNotesShareExtension/ReadingNotesShareExtension.entitlements;
				CODE_SIGN_STYLE = Automatic;
				CURRENT_PROJECT_VERSION = 1;
				DEVELOPMENT_TEAM = 9UD782RHCC;
				GENERATE_INFOPLIST_FILE = YES;
				INFOPLIST_FILE = ReadingNotesShareExtension/Info.plist;
				INFOPLIST_KEY_CFBundleDisplayName = ReadingNotesShareExtension;
				INFOPLIST_KEY_NSHumanReadableCopyright = "";
				IPHONEOS_DEPLOYMENT_TARGET = 17.5;
				LD_RUNPATH_SEARCH_PATHS = (
					"$(inherited)",
					"@executable_path/Frameworks",
					"@executable_path/../../Frameworks",
				);
				MARKETING_VERSION = 1.0;
				PRODUCT_BUNDLE_IDENTIFIER = com.michaelguo.ReadingNotesApp.ShareExtension;
				PRODUCT_NAME = "$(TARGET_NAME)";
				SDKROOT = iphoneos;
				SKIP_INSTALL = YES;
				SWIFT_EMIT_LOC_STRINGS = YES;
				SWIFT_VERSION = 5.0;
				TARGETED_DEVICE_FAMILY = "1,2";
			};
			name = Debug;
		};
		4EC0AA4A2F0C8570007EEAA7 /* Release */ = {
			isa = XCBuildConfiguration;
			buildSettings = {
				CODE_SIGN_ENTITLEMENTS = ReadingNotesShareExtension/ReadingNotesShareExtension.entitlements;
				CODE_SIGN_STYLE = Automatic;
				CURRENT_PROJECT_VERSION = 1;
				DEVELOPMENT_TEAM = 9UD782RHCC;
				GENERATE_INFOPLIST_FILE = YES;
				INFOPLIST_FILE = ReadingNotesShareExtension/Info.plist;
				INFOPLIST_KEY_CFBundleDisplayName = ReadingNotesShareExtension;
				INFOPLIST_KEY_NSHumanReadableCopyright = "";
				IPHONEOS_DEPLOYMENT_TARGET = 17.5;
				LD_RUNPATH_SEARCH_PATHS = (
					"$(inherited)",
					"@executable_path/Frameworks",
					"@executable_path/../../Frameworks",
				);
				MARKETING_VERSION = 1.0;
				PRODUCT_BUNDLE_IDENTIFIER = com.michaelguo.ReadingNotesApp.ShareExtension;
				PRODUCT_NAME = "$(TARGET_NAME)";
				SDKROOT = iphoneos;
				SKIP_INSTALL = YES;
				SWIFT_EMIT_LOC_STRINGS = YES;
				SWIFT_VERSION = 5.0;
				TARGETED_DEVICE_FAMILY = "1,2";
				VALIDATE_PRODUCT = YES;
			};
			name = Release;
		};
/* End XCBuildConfiguration section */

/* Begin XCConfigurationList section */
		4EC0A9DA2F0ACB50007EEAA7 /* Build configuration list for PBXProject "ReadingNotesApp" */ = {
			isa = XCConfigurationList;
			buildConfigurations = (
				4EC0A9EE2F0ACB52007EEAA7 /* Debug */,
				4EC0A9EF2F0ACB52007EEAA7 /* Release */,
			);
			defaultConfigurationIsVisible = 0;
			defaultConfigurationName = Release;
		};
		4EC0A9F02F0ACB52007EEAA7 /* Build configuration list for PBXNativeTarget "ReadingNotesApp" */ = {
			isa = XCConfigurationList;
			buildConfigurations = (
				4EC0A9F12F0ACB52007EEAA7 /* Debug */,
				4EC0A9F22F0ACB52007EEAA7 /* Release */,
			);
			defaultConfigurationIsVisible = 0;
			defaultConfigurationName = Release;
		};
		4EC0AA482F0C8570007EEAA7 /* Build configuration list for PBXNativeTarget "ReadingNotesShareExtension" */ = {
			isa = XCConfigurationList;
			buildConfigurations = (
				4EC0AA492F0C8570007EEAA7 /* Debug */,
				4EC0AA4A2F0C8570007EEAA7 /* Release */,
			);
			defaultConfigurationIsVisible = 0;
			defaultConfigurationName = Release;
		};
/* End XCConfigurationList section */
	};
	rootObject = 4EC0A9D72F0ACB50007EEAA7 /* Project object */;
}
